{
  "name": "Semesterabgabe",
  "lockfileVersion": 3,
  "requires": true,
  "packages": {
    "": {
      "dependencies": {
        "svelte-routing": "^2.11.0"
      }
    },
    "node_modules/svelte-routing": {
      "version": "2.11.0",
      "resolved": "https://registry.npmjs.org/svelte-routing/-/svelte-routing-2.11.0.tgz",
      "integrity": "sha512-oNJz2A8g5ZqBDuxUWMJLpU9XXGZ40Fz5uRvrGlpENs5C2QWK5m7YKiGINssN9yI/22f9wi4F5oTTkDaTyryolw=="
    }
  }
}
